
Microsoft Visual Studio Solution File, Format Version 12.00
# Visual Studio Version 16
VisualStudioVersion = 16.0.31624.102
MinimumVisualStudioVersion = 10.0.40219.1
Project("{9A19103F-16F7-4668-BE54-9A1E7A4F7556}") = "AstechWebApi", "src\AstechWebApi\AstechWebApi.csproj", "{8CA4F7A1-1EF8-49BA-890E-CF30CE569277}"
EndProject
Global
	GlobalSection(SolutionConfigurationPlatforms) = preSolution
		Debug|Any CPU = Debug|Any CPU
		Release|Any CPU = Release|Any CPU
	EndGlobalSection
	GlobalSection(ProjectConfigurationPlatforms) = postSolution
		{8CA4F7A1-1EF8-49BA-890E-CF30CE569277}.Debug|Any CPU.ActiveCfg = Debug|Any CPU
		{8CA4F7A1-1EF8-49BA-890E-CF30CE569277}.Debug|Any CPU.Build.0 = Debug|Any CPU
		{8CA4F7A1-1EF8-49BA-890E-CF30CE569277}.Release|Any CPU.ActiveCfg = Release|Any CPU
		{8CA4F7A1-1EF8-49BA-890E-CF30CE569277}.Release|Any CPU.Build.0 = Release|Any CPU
	EndGlobalSection
	GlobalSection(SolutionProperties) = preSolution
		HideSolutionNode = FALSE
	EndGlobalSection
	GlobalSection(ExtensibilityGlobals) = postSolution
		SolutionGuid = {F3DE9317-229D-4988-B516-8AA6D8A71F97}
	EndGlobalSection
EndGlobal
